// !$*UTF8*$!
{
	archiveVersion = 1;
	classes = {
	};
	objectVersion = 46;
	objects = {

/* Begin PBXBuildFile section */
		D89060501A80720200B810BF /* ViewController_Lib.m in Sources */ = {isa = PBXBuildFile; fileRef = D890604F1A80720200B810BF /* ViewController_Lib.m */; };
		D8C713991A81D91000D5FF55 /* ViewController_uploadApk.m in Sources */ = {isa = PBXBuildFile; fileRef = D8C713971A81D91000D5FF55 /* ViewController_uploadApk.m */; };
		D8CE35681A8357DB009B6E2F /* libchilkatCocoaDyn.dylib in Frameworks */ = {isa = PBXBuildFile; fileRef = D8CE35671A8357DB009B6E2F /* libchilkatCocoaDyn.dylib */; };
		D8D4EE4A1A787A2800E3E7B5 /* AppDelegate.m in Sources */ = {isa = PBXBuildFile; fileRef = D8D4EE491A787A2800E3E7B5 /* AppDelegate.m */; };
		D8D4EE4C1A787A2800E3E7B5 /* main.m in Sources */ = {isa = PBXBuildFile; fileRef = D8D4EE4B1A787A2800E3E7B5 /* main.m */; };
		D8D4EE4F1A787A2800E3E7B5 /* ViewController.m in Sources */ = {isa = PBXBuildFile; fileRef = D8D4EE4E1A787A2800E3E7B5 /* ViewController.m */; };
		D8D4EE511A787A2800E3E7B5 /* Images.xcassets in Resources */ = {isa = PBXBuildFile; fileRef = D8D4EE501A787A2800E3E7B5 /* Images.xcassets */; };
		D8D4EE541A787A2800E3E7B5 /* Main.storyboard in Resources */ = {isa = PBXBuildFile; fileRef = D8D4EE521A787A2800E3E7B5 /* Main.storyboard */; };
		D8D4EE601A787A2900E3E7B5 /* javaToapkTests.m in Sources */ = {isa = PBXBuildFile; fileRef = D8D4EE5F1A787A2900E3E7B5 /* javaToapkTests.m */; };
/* End PBXBuildFile section */

/* Begin PBXContainerItemProxy section */
		D8D4EE5A1A787A2800E3E7B5 /* PBXContainerItemProxy */ = {
			isa = PBXContainerItemProxy;
			containerPortal = D8D4EE3B1A787A2800E3E7B5 /* Project object */;
			proxyType = 1;
			remoteGlobalIDString = D8D4EE421A787A2800E3E7B5;
			remoteInfo = javaToapk;
		};
/* End PBXContainerItemProxy section */

/* Begin PBXFileReference section */
		D890604E1A80720200B810BF /* ViewController_Lib.h */ = {isa = PBXFileReference; fileEncoding = 4; lastKnownFileType = sourcecode.c.h; path = ViewController_Lib.h; sourceTree = "<group>"; };
		D890604F1A80720200B810BF /* ViewController_Lib.m */ = {isa = PBXFileReference; fileEncoding = 4; lastKnownFileType = sourcecode.c.objc; path = ViewController_Lib.m; sourceTree = "<group>"; };
		D8C713961A81D91000D5FF55 /* ViewController_uploadApk.h */ = {isa = PBXFileReference; fileEncoding = 4; lastKnownFileType = sourcecode.c.h; path = ViewController_uploadApk.h; sourceTree = "<group>"; };
		D8C713971A81D91000D5FF55 /* ViewController_uploadApk.m */ = {isa = PBXFileReference; fileEncoding = 4; lastKnownFileType = sourcecode.c.objc; path = ViewController_uploadApk.m; sourceTree = "<group>"; };
		D8CE35131A8350EA009B6E2F /* CkoAtom.h */ = {isa = PBXFileReference; fileEncoding = 4; lastKnownFileType = sourcecode.c.h; path = CkoAtom.h; sourceTree = "<group>"; };
		D8CE35141A8350EA009B6E2F /* CkoBaseProgress.h */ = {isa = PBXFileReference; fileEncoding = 4; lastKnownFileType = sourcecode.c.h; path = CkoBaseProgress.h; sourceTree = "<group>"; };
		D8CE35151A8350EA009B6E2F /* CkoBounce.h */ = {isa = PBXFileReference; fileEncoding = 4; lastKnownFileType = sourcecode.c.h; path = CkoBounce.h; sourceTree = "<group>"; };
		D8CE35161A8350EA009B6E2F /* CkoBz2.h */ = {isa = PBXFileReference; fileEncoding = 4; lastKnownFileType = sourcecode.c.h; path = CkoBz2.h; sourceTree = "<group>"; };
		D8CE35171A8350EA009B6E2F /* CkoCache.h */ = {isa = PBXFileReference; fileEncoding = 4; lastKnownFileType = sourcecode.c.h; path = CkoCache.h; sourceTree = "<group>"; };
		D8CE35181A8350EA009B6E2F /* CkoCert.h */ = {isa = PBXFileReference; fileEncoding = 4; lastKnownFileType = sourcecode.c.h; path = CkoCert.h; sourceTree = "<group>"; };
		D8CE35191A8350EA009B6E2F /* CkoCertChain.h */ = {isa = PBXFileReference; fileEncoding = 4; lastKnownFileType = sourcecode.c.h; path = CkoCertChain.h; sourceTree = "<group>"; };
		D8CE351A1A8350EA009B6E2F /* CkoCertStore.h */ = {isa = PBXFileReference; fileEncoding = 4; lastKnownFileType = sourcecode.c.h; path = CkoCertStore.h; sourceTree = "<group>"; };
		D8CE351B1A8350EA009B6E2F /* CkoCgi.h */ = {isa = PBXFileReference; fileEncoding = 4; lastKnownFileType = sourcecode.c.h; path = CkoCgi.h; sourceTree = "<group>"; };
		D8CE351C1A8350EA009B6E2F /* CkoCharset.h */ = {isa = PBXFileReference; fileEncoding = 4; lastKnownFileType = sourcecode.c.h; path = CkoCharset.h; sourceTree = "<group>"; };
		D8CE351D1A8350EA009B6E2F /* CkoCompression.h */ = {isa = PBXFileReference; fileEncoding = 4; lastKnownFileType = sourcecode.c.h; path = CkoCompression.h; sourceTree = "<group>"; };
		D8CE351E1A8350EA009B6E2F /* CkoCrypt2.h */ = {isa = PBXFileReference; fileEncoding = 4; lastKnownFileType = sourcecode.c.h; path = CkoCrypt2.h; sourceTree = "<group>"; };
		D8CE351F1A8350EA009B6E2F /* CkoCsv.h */ = {isa = PBXFileReference; fileEncoding = 4; lastKnownFileType = sourcecode.c.h; path = CkoCsv.h; sourceTree = "<group>"; };
		D8CE35201A8350EA009B6E2F /* CkoDateTime.h */ = {isa = PBXFileReference; fileEncoding = 4; lastKnownFileType = sourcecode.c.h; path = CkoDateTime.h; sourceTree = "<group>"; };
		D8CE35211A8350EA009B6E2F /* CkoDh.h */ = {isa = PBXFileReference; fileEncoding = 4; lastKnownFileType = sourcecode.c.h; path = CkoDh.h; sourceTree = "<group>"; };
		D8CE35221A8350EA009B6E2F /* CkoDirTree.h */ = {isa = PBXFileReference; fileEncoding = 4; lastKnownFileType = sourcecode.c.h; path = CkoDirTree.h; sourceTree = "<group>"; };
		D8CE35231A8350EA009B6E2F /* CkoDkim.h */ = {isa = PBXFileReference; fileEncoding = 4; lastKnownFileType = sourcecode.c.h; path = CkoDkim.h; sourceTree = "<group>"; };
		D8CE35241A8350EA009B6E2F /* CkoDsa.h */ = {isa = PBXFileReference; fileEncoding = 4; lastKnownFileType = sourcecode.c.h; path = CkoDsa.h; sourceTree = "<group>"; };
		D8CE35251A8350EA009B6E2F /* CkoDtObj.h */ = {isa = PBXFileReference; fileEncoding = 4; lastKnownFileType = sourcecode.c.h; path = CkoDtObj.h; sourceTree = "<group>"; };
		D8CE35261A8350EA009B6E2F /* CkoEmail.h */ = {isa = PBXFileReference; fileEncoding = 4; lastKnownFileType = sourcecode.c.h; path = CkoEmail.h; sourceTree = "<group>"; };
		D8CE35271A8350EA009B6E2F /* CkoEmailBundle.h */ = {isa = PBXFileReference; fileEncoding = 4; lastKnownFileType = sourcecode.c.h; path = CkoEmailBundle.h; sourceTree = "<group>"; };
		D8CE35281A8350EA009B6E2F /* CkoFileAccess.h */ = {isa = PBXFileReference; fileEncoding = 4; lastKnownFileType = sourcecode.c.h; path = CkoFileAccess.h; sourceTree = "<group>"; };
		D8CE35291A8350EA009B6E2F /* CkoFtp2.h */ = {isa = PBXFileReference; fileEncoding = 4; lastKnownFileType = sourcecode.c.h; path = CkoFtp2.h; sourceTree = "<group>"; };
		D8CE352A1A8350EA009B6E2F /* CkoFtp2Progress.h */ = {isa = PBXFileReference; fileEncoding = 4; lastKnownFileType = sourcecode.c.h; path = CkoFtp2Progress.h; sourceTree = "<group>"; };
		D8CE352B1A8350EA009B6E2F /* CkoGzip.h */ = {isa = PBXFileReference; fileEncoding = 4; lastKnownFileType = sourcecode.c.h; path = CkoGzip.h; sourceTree = "<group>"; };
		D8CE352C1A8350EA009B6E2F /* CkoHtmlToText.h */ = {isa = PBXFileReference; fileEncoding = 4; lastKnownFileType = sourcecode.c.h; path = CkoHtmlToText.h; sourceTree = "<group>"; };
		D8CE352D1A8350EA009B6E2F /* CkoHtmlToXml.h */ = {isa = PBXFileReference; fileEncoding = 4; lastKnownFileType = sourcecode.c.h; path = CkoHtmlToXml.h; sourceTree = "<group>"; };
		D8CE352E1A8350EA009B6E2F /* CkoHttp.h */ = {isa = PBXFileReference; fileEncoding = 4; lastKnownFileType = sourcecode.c.h; path = CkoHttp.h; sourceTree = "<group>"; };
		D8CE352F1A8350EA009B6E2F /* CkoHttpProgress.h */ = {isa = PBXFileReference; fileEncoding = 4; lastKnownFileType = sourcecode.c.h; path = CkoHttpProgress.h; sourceTree = "<group>"; };
		D8CE35301A8350EA009B6E2F /* CkoHttpRequest.h */ = {isa = PBXFileReference; fileEncoding = 4; lastKnownFileType = sourcecode.c.h; path = CkoHttpRequest.h; sourceTree = "<group>"; };
		D8CE35311A8350EA009B6E2F /* CkoHttpResponse.h */ = {isa = PBXFileReference; fileEncoding = 4; lastKnownFileType = sourcecode.c.h; path = CkoHttpResponse.h; sourceTree = "<group>"; };
		D8CE35321A8350EA009B6E2F /* CkoImap.h */ = {isa = PBXFileReference; fileEncoding = 4; lastKnownFileType = sourcecode.c.h; path = CkoImap.h; sourceTree = "<group>"; };
		D8CE35331A8350EA009B6E2F /* CkoJavaKeyStore.h */ = {isa = PBXFileReference; fileEncoding = 4; lastKnownFileType = sourcecode.c.h; path = CkoJavaKeyStore.h; sourceTree = "<group>"; };
		D8CE35341A8350EA009B6E2F /* CkoLog.h */ = {isa = PBXFileReference; fileEncoding = 4; lastKnownFileType = sourcecode.c.h; path = CkoLog.h; sourceTree = "<group>"; };
		D8CE35351A8350EA009B6E2F /* CkoMailboxes.h */ = {isa = PBXFileReference; fileEncoding = 4; lastKnownFileType = sourcecode.c.h; path = CkoMailboxes.h; sourceTree = "<group>"; };
		D8CE35361A8350EA009B6E2F /* CkoMailMan.h */ = {isa = PBXFileReference; fileEncoding = 4; lastKnownFileType = sourcecode.c.h; path = CkoMailMan.h; sourceTree = "<group>"; };
		D8CE35371A8350EA009B6E2F /* CkoMailManProgress.h */ = {isa = PBXFileReference; fileEncoding = 4; lastKnownFileType = sourcecode.c.h; path = CkoMailManProgress.h; sourceTree = "<group>"; };
		D8CE35381A8350EA009B6E2F /* CkoMessageSet.h */ = {isa = PBXFileReference; fileEncoding = 4; lastKnownFileType = sourcecode.c.h; path = CkoMessageSet.h; sourceTree = "<group>"; };
		D8CE35391A8350EA009B6E2F /* CkoMht.h */ = {isa = PBXFileReference; fileEncoding = 4; lastKnownFileType = sourcecode.c.h; path = CkoMht.h; sourceTree = "<group>"; };
		D8CE353A1A8350EA009B6E2F /* CkoMime.h */ = {isa = PBXFileReference; fileEncoding = 4; lastKnownFileType = sourcecode.c.h; path = CkoMime.h; sourceTree = "<group>"; };
		D8CE353B1A8350EA009B6E2F /* CkoNtlm.h */ = {isa = PBXFileReference; fileEncoding = 4; lastKnownFileType = sourcecode.c.h; path = CkoNtlm.h; sourceTree = "<group>"; };
		D8CE353C1A8350EA009B6E2F /* CkoOmaDrm.h */ = {isa = PBXFileReference; fileEncoding = 4; lastKnownFileType = sourcecode.c.h; path = CkoOmaDrm.h; sourceTree = "<group>"; };
		D8CE353D1A8350EA009B6E2F /* CkoPfx.h */ = {isa = PBXFileReference; fileEncoding = 4; lastKnownFileType = sourcecode.c.h; path = CkoPfx.h; sourceTree = "<group>"; };
		D8CE353E1A8350EA009B6E2F /* CkoPrivateKey.h */ = {isa = PBXFileReference; fileEncoding = 4; lastKnownFileType = sourcecode.c.h; path = CkoPrivateKey.h; sourceTree = "<group>"; };
		D8CE353F1A8350EA009B6E2F /* CkoProgress.h */ = {isa = PBXFileReference; fileEncoding = 4; lastKnownFileType = sourcecode.c.h; path = CkoProgress.h; sourceTree = "<group>"; };
		D8CE35401A8350EA009B6E2F /* CkoPublicKey.h */ = {isa = PBXFileReference; fileEncoding = 4; lastKnownFileType = sourcecode.c.h; path = CkoPublicKey.h; sourceTree = "<group>"; };
		D8CE35411A8350EA009B6E2F /* CkoRsa.h */ = {isa = PBXFileReference; fileEncoding = 4; lastKnownFileType = sourcecode.c.h; path = CkoRsa.h; sourceTree = "<group>"; };
		D8CE35421A8350EA009B6E2F /* CkoRss.h */ = {isa = PBXFileReference; fileEncoding = 4; lastKnownFileType = sourcecode.c.h; path = CkoRss.h; sourceTree = "<group>"; };
		D8CE35431A8350EA009B6E2F /* CkoSFtp.h */ = {isa = PBXFileReference; fileEncoding = 4; lastKnownFileType = sourcecode.c.h; path = CkoSFtp.h; sourceTree = "<group>"; };
		D8CE35441A8350EA009B6E2F /* CkoSFtpDir.h */ = {isa = PBXFileReference; fileEncoding = 4; lastKnownFileType = sourcecode.c.h; path = CkoSFtpDir.h; sourceTree = "<group>"; };
		D8CE35451A8350EA009B6E2F /* CkoSFtpFile.h */ = {isa = PBXFileReference; fileEncoding = 4; lastKnownFileType = sourcecode.c.h; path = CkoSFtpFile.h; sourceTree = "<group>"; };
		D8CE35461A8350EA009B6E2F /* CkoSFtpProgress.h */ = {isa = PBXFileReference; fileEncoding = 4; lastKnownFileType = sourcecode.c.h; path = CkoSFtpProgress.h; sourceTree = "<group>"; };
		D8CE35471A8350EA009B6E2F /* CkoSocket.h */ = {isa = PBXFileReference; fileEncoding = 4; lastKnownFileType = sourcecode.c.h; path = CkoSocket.h; sourceTree = "<group>"; };
		D8CE35481A8350EA009B6E2F /* CkoSocksProxy.h */ = {isa = PBXFileReference; fileEncoding = 4; lastKnownFileType = sourcecode.c.h; path = CkoSocksProxy.h; sourceTree = "<group>"; };
		D8CE35491A8350EA009B6E2F /* CkoSpider.h */ = {isa = PBXFileReference; fileEncoding = 4; lastKnownFileType = sourcecode.c.h; path = CkoSpider.h; sourceTree = "<group>"; };
		D8CE354A1A8350EA009B6E2F /* CkoSsh.h */ = {isa = PBXFileReference; fileEncoding = 4; lastKnownFileType = sourcecode.c.h; path = CkoSsh.h; sourceTree = "<group>"; };
		D8CE354B1A8350EA009B6E2F /* CkoSshKey.h */ = {isa = PBXFileReference; fileEncoding = 4; lastKnownFileType = sourcecode.c.h; path = CkoSshKey.h; sourceTree = "<group>"; };
		D8CE354C1A8350EA009B6E2F /* CkoSshTunnel.h */ = {isa = PBXFileReference; fileEncoding = 4; lastKnownFileType = sourcecode.c.h; path = CkoSshTunnel.h; sourceTree = "<group>"; };
		D8CE354D1A8350EA009B6E2F /* CkoStringArray.h */ = {isa = PBXFileReference; fileEncoding = 4; lastKnownFileType = sourcecode.c.h; path = CkoStringArray.h; sourceTree = "<group>"; };
		D8CE354E1A8350EA009B6E2F /* CkoTar.h */ = {isa = PBXFileReference; fileEncoding = 4; lastKnownFileType = sourcecode.c.h; path = CkoTar.h; sourceTree = "<group>"; };
		D8CE354F1A8350EA009B6E2F /* CkoTarProgress.h */ = {isa = PBXFileReference; fileEncoding = 4; lastKnownFileType = sourcecode.c.h; path = CkoTarProgress.h; sourceTree = "<group>"; };
		D8CE35501A8350EA009B6E2F /* CkoTrustedRoots.h */ = {isa = PBXFileReference; fileEncoding = 4; lastKnownFileType = sourcecode.c.h; path = CkoTrustedRoots.h; sourceTree = "<group>"; };
		D8CE35511A8350EA009B6E2F /* CkoUnixCompress.h */ = {isa = PBXFileReference; fileEncoding = 4; lastKnownFileType = sourcecode.c.h; path = CkoUnixCompress.h; sourceTree = "<group>"; };
		D8CE35521A8350EA009B6E2F /* CkoUpload.h */ = {isa = PBXFileReference; fileEncoding = 4; lastKnownFileType = sourcecode.c.h; path = CkoUpload.h; sourceTree = "<group>"; };
		D8CE35531A8350EA009B6E2F /* CkoXml.h */ = {isa = PBXFileReference; fileEncoding = 4; lastKnownFileType = sourcecode.c.h; path = CkoXml.h; sourceTree = "<group>"; };
		D8CE35541A8350EA009B6E2F /* CkoXmlCertVault.h */ = {isa = PBXFileReference; fileEncoding = 4; lastKnownFileType = sourcecode.c.h; path = CkoXmlCertVault.h; sourceTree = "<group>"; };
		D8CE35551A8350EA009B6E2F /* CkoXmp.h */ = {isa = PBXFileReference; fileEncoding = 4; lastKnownFileType = sourcecode.c.h; path = CkoXmp.h; sourceTree = "<group>"; };
		D8CE35561A8350EA009B6E2F /* CkoZip.h */ = {isa = PBXFileReference; fileEncoding = 4; lastKnownFileType = sourcecode.c.h; path = CkoZip.h; sourceTree = "<group>"; };
		D8CE35571A8350EA009B6E2F /* CkoZipCrc.h */ = {isa = PBXFileReference; fileEncoding = 4; lastKnownFileType = sourcecode.c.h; path = CkoZipCrc.h; sourceTree = "<group>"; };
		D8CE35581A8350EA009B6E2F /* CkoZipEntry.h */ = {isa = PBXFileReference; fileEncoding = 4; lastKnownFileType = sourcecode.c.h; path = CkoZipEntry.h; sourceTree = "<group>"; };
		D8CE35591A8350EA009B6E2F /* CkoZipProgress.h */ = {isa = PBXFileReference; fileEncoding = 4; lastKnownFileType = sourcecode.c.h; path = CkoZipProgress.h; sourceTree = "<group>"; };
		D8CE35671A8357DB009B6E2F /* libchilkatCocoaDyn.dylib */ = {isa = PBXFileReference; lastKnownFileType = "compiled.mach-o.dylib"; path = libchilkatCocoaDyn.dylib; sourceTree = "<group>"; };
		D8D4EE431A787A2800E3E7B5 /* javaToapk.app */ = {isa = PBXFileReference; explicitFileType = wrapper.application; includeInIndex = 0; path = javaToapk.app; sourceTree = BUILT_PRODUCTS_DIR; };
		D8D4EE471A787A2800E3E7B5 /* Info.plist */ = {isa = PBXFileReference; lastKnownFileType = text.plist.xml; path = Info.plist; sourceTree = "<group>"; };
		D8D4EE481A787A2800E3E7B5 /* AppDelegate.h */ = {isa = PBXFileReference; lastKnownFileType = sourcecode.c.h; path = AppDelegate.h; sourceTree = "<group>"; };
		D8D4EE491A787A2800E3E7B5 /* AppDelegate.m */ = {isa = PBXFileReference; lastKnownFileType = sourcecode.c.objc; path = AppDelegate.m; sourceTree = "<group>"; };
		D8D4EE4B1A787A2800E3E7B5 /* main.m */ = {isa = PBXFileReference; lastKnownFileType = sourcecode.c.objc; path = main.m; sourceTree = "<group>"; };
		D8D4EE4D1A787A2800E3E7B5 /* ViewController.h */ = {isa = PBXFileReference; lastKnownFileType = sourcecode.c.h; path = ViewController.h; sourceTree = "<group>"; };
		D8D4EE4E1A787A2800E3E7B5 /* ViewController.m */ = {isa = PBXFileReference; lastKnownFileType = sourcecode.c.objc; path = ViewController.m; sourceTree = "<group>"; };
		D8D4EE501A787A2800E3E7B5 /* Images.xcassets */ = {isa = PBXFileReference; lastKnownFileType = folder.assetcatalog; path = Images.xcassets; sourceTree = "<group>"; };
		D8D4EE531A787A2800E3E7B5 /* Base */ = {isa = PBXFileReference; lastKnownFileType = file.storyboard; name = Base; path = Base.lproj/Main.storyboard; sourceTree = "<group>"; };
		D8D4EE591A787A2800E3E7B5 /* javaToapkTests.xctest */ = {isa = PBXFileReference; explicitFileType = wrapper.cfbundle; includeInIndex = 0; path = javaToapkTests.xctest; sourceTree = BUILT_PRODUCTS_DIR; };
		D8D4EE5E1A787A2900E3E7B5 /* Info.plist */ = {isa = PBXFileReference; lastKnownFileType = text.plist.xml; path = Info.plist; sourceTree = "<group>"; };
		D8D4EE5F1A787A2900E3E7B5 /* javaToapkTests.m */ = {isa = PBXFileReference; lastKnownFileType = sourcecode.c.objc; path = javaToapkTests.m; sourceTree = "<group>"; };
/* End PBXFileReference section */

/* Begin PBXFrameworksBuildPhase section */
		D8D4EE401A787A2800E3E7B5 /* Frameworks */ = {
			isa = PBXFrameworksBuildPhase;
			buildActionMask = 2147483647;
			files = (
				D8CE35681A8357DB009B6E2F /* libchilkatCocoaDyn.dylib in Frameworks */,
			);
			runOnlyForDeploymentPostprocessing = 0;
		};
		D8D4EE561A787A2800E3E7B5 /* Frameworks */ = {
			isa = PBXFrameworksBuildPhase;
			buildActionMask = 2147483647;
			files = (
			);
			runOnlyForDeploymentPostprocessing = 0;
		};
/* End PBXFrameworksBuildPhase section */

/* Begin PBXGroup section */
		D8CE35121A8350EA009B6E2F /* include */ = {
			isa = PBXGroup;
			children = (
				D8CE35131A8350EA009B6E2F /* CkoAtom.h */,
				D8CE35141A8350EA009B6E2F /* CkoBaseProgress.h */,
				D8CE35151A8350EA009B6E2F /* CkoBounce.h */,
				D8CE35161A8350EA009B6E2F /* CkoBz2.h */,
				D8CE35171A8350EA009B6E2F /* CkoCache.h */,
				D8CE35181A8350EA009B6E2F /* CkoCert.h */,
				D8CE35191A8350EA009B6E2F /* CkoCertChain.h */,
				D8CE351A1A8350EA009B6E2F /* CkoCertStore.h */,
				D8CE351B1A8350EA009B6E2F /* CkoCgi.h */,
				D8CE351C1A8350EA009B6E2F /* CkoCharset.h */,
				D8CE351D1A8350EA009B6E2F /* CkoCompression.h */,
				D8CE351E1A8350EA009B6E2F /* CkoCrypt2.h */,
				D8CE351F1A8350EA009B6E2F /* CkoCsv.h */,
				D8CE35201A8350EA009B6E2F /* CkoDateTime.h */,
				D8CE35211A8350EA009B6E2F /* CkoDh.h */,
				D8CE35221A8350EA009B6E2F /* CkoDirTree.h */,
				D8CE35231A8350EA009B6E2F /* CkoDkim.h */,
				D8CE35241A8350EA009B6E2F /* CkoDsa.h */,
				D8CE35251A8350EA009B6E2F /* CkoDtObj.h */,
				D8CE35261A8350EA009B6E2F /* CkoEmail.h */,
				D8CE35271A8350EA009B6E2F /* CkoEmailBundle.h */,
				D8CE35281A8350EA009B6E2F /* CkoFileAccess.h */,
				D8CE35291A8350EA009B6E2F /* CkoFtp2.h */,
				D8CE352A1A8350EA009B6E2F /* CkoFtp2Progress.h */,
				D8CE352B1A8350EA009B6E2F /* CkoGzip.h */,
				D8CE352C1A8350EA009B6E2F /* CkoHtmlToText.h */,
				D8CE352D1A8350EA009B6E2F /* CkoHtmlToXml.h */,
				D8CE352E1A8350EA009B6E2F /* CkoHttp.h */,
				D8CE352F1A8350EA009B6E2F /* CkoHttpProgress.h */,
				D8CE35301A8350EA009B6E2F /* CkoHttpRequest.h */,
				D8CE35311A8350EA009B6E2F /* CkoHttpResponse.h */,
				D8CE35321A8350EA009B6E2F /* CkoImap.h */,
				D8CE35331A8350EA009B6E2F /* CkoJavaKeyStore.h */,
				D8CE35341A8350EA009B6E2F /* CkoLog.h */,
				D8CE35351A8350EA009B6E2F /* CkoMailboxes.h */,
				D8CE35361A8350EA009B6E2F /* CkoMailMan.h */,
				D8CE35371A8350EA009B6E2F /* CkoMailManProgress.h */,
				D8CE35381A8350EA009B6E2F /* CkoMessageSet.h */,
				D8CE35391A8350EA009B6E2F /* CkoMht.h */,
				D8CE353A1A8350EA009B6E2F /* CkoMime.h */,
				D8CE353B1A8350EA009B6E2F /* CkoNtlm.h */,
				D8CE353C1A8350EA009B6E2F /* CkoOmaDrm.h */,
				D8CE353D1A8350EA009B6E2F /* CkoPfx.h */,
				D8CE353E1A8350EA009B6E2F /* CkoPrivateKey.h */,
				D8CE353F1A8350EA009B6E2F /* CkoProgress.h */,
				D8CE35401A8350EA009B6E2F /* CkoPublicKey.h */,
				D8CE35411A8350EA009B6E2F /* CkoRsa.h */,
				D8CE35421A8350EA009B6E2F /* CkoRss.h */,
				D8CE35431A8350EA009B6E2F /* CkoSFtp.h */,
				D8CE35441A8350EA009B6E2F /* CkoSFtpDir.h */,
				D8CE35451A8350EA009B6E2F /* CkoSFtpFile.h */,
				D8CE35461A8350EA009B6E2F /* CkoSFtpProgress.h */,
				D8CE35471A8350EA009B6E2F /* CkoSocket.h */,
				D8CE35481A8350EA009B6E2F /* CkoSocksProxy.h */,
				D8CE35491A8350EA009B6E2F /* CkoSpider.h */,
				D8CE354A1A8350EA009B6E2F /* CkoSsh.h */,
				D8CE354B1A8350EA009B6E2F /* CkoSshKey.h */,
				D8CE354C1A8350EA009B6E2F /* CkoSshTunnel.h */,
				D8CE354D1A8350EA009B6E2F /* CkoStringArray.h */,
				D8CE354E1A8350EA009B6E2F /* CkoTar.h */,
				D8CE354F1A8350EA009B6E2F /* CkoTarProgress.h */,
				D8CE35501A8350EA009B6E2F /* CkoTrustedRoots.h */,
				D8CE35511A8350EA009B6E2F /* CkoUnixCompress.h */,
				D8CE35521A8350EA009B6E2F /* CkoUpload.h */,
				D8CE35531A8350EA009B6E2F /* CkoXml.h */,
				D8CE35541A8350EA009B6E2F /* CkoXmlCertVault.h */,
				D8CE35551A8350EA009B6E2F /* CkoXmp.h */,
				D8CE35561A8350EA009B6E2F /* CkoZip.h */,
				D8CE35571A8350EA009B6E2F /* CkoZipCrc.h */,
				D8CE35581A8350EA009B6E2F /* CkoZipEntry.h */,
				D8CE35591A8350EA009B6E2F /* CkoZipProgress.h */,
			);
			path = include;
			sourceTree = "<group>";
		};
		D8D4EE3A1A787A2800E3E7B5 = {
			isa = PBXGroup;
			children = (
				D8CE35671A8357DB009B6E2F /* libchilkatCocoaDyn.dylib */,
				D8CE35121A8350EA009B6E2F /* include */,
				D8D4EE451A787A2800E3E7B5 /* javaToapk */,
				D8D4EE5C1A787A2800E3E7B5 /* javaToapkTests */,
				D8D4EE441A787A2800E3E7B5 /* Products */,
			);
			sourceTree = "<group>";
		};
		D8D4EE441A787A2800E3E7B5 /* Products */ = {
			isa = PBXGroup;
			children = (
				D8D4EE431A787A2800E3E7B5 /* javaToapk.app */,
				D8D4EE591A787A2800E3E7B5 /* javaToapkTests.xctest */,
			);
			name = Products;
			sourceTree = "<group>";
		};
		D8D4EE451A787A2800E3E7B5 /* javaToapk */ = {
			isa = PBXGroup;
			children = (
				D890604E1A80720200B810BF /* ViewController_Lib.h */,
				D890604F1A80720200B810BF /* ViewController_Lib.m */,
				D8D4EE481A787A2800E3E7B5 /* AppDelegate.h */,
				D8D4EE491A787A2800E3E7B5 /* AppDelegate.m */,
				D8D4EE4D1A787A2800E3E7B5 /* ViewController.h */,
				D8D4EE4E1A787A2800E3E7B5 /* ViewController.m */,
				D8C713961A81D91000D5FF55 /* ViewController_uploadApk.h */,
				D8C713971A81D91000D5FF55 /* ViewController_uploadApk.m */,
				D8D4EE501A787A2800E3E7B5 /* Images.xcassets */,
				D8D4EE521A787A2800E3E7B5 /* Main.storyboard */,
				D8D4EE461A787A2800E3E7B5 /* Supporting Files */,
			);
			path = javaToapk;
			sourceTree = "<group>";
		};
		D8D4EE461A787A2800E3E7B5 /* Supporting Files */ = {
			isa = PBXGroup;
			children = (
				D8D4EE471A787A2800E3E7B5 /* Info.plist */,
				D8D4EE4B1A787A2800E3E7B5 /* main.m */,
			);
			name = "Supporting Files";
			sourceTree = "<group>";
		};
		D8D4EE5C1A787A2800E3E7B5 /* javaToapkTests */ = {
			isa = PBXGroup;
			children = (
				D8D4EE5F1A787A2900E3E7B5 /* javaToapkTests.m */,
				D8D4EE5D1A787A2900E3E7B5 /* Supporting Files */,
			);
			path = javaToapkTests;
			sourceTree = "<group>";
		};
		D8D4EE5D1A787A2900E3E7B5 /* Supporting Files */ = {
			isa = PBXGroup;
			children = (
				D8D4EE5E1A787A2900E3E7B5 /* Info.plist */,
			);
			name = "Supporting Files";
			sourceTree = "<group>";
		};
/* End PBXGroup section */

/* Begin PBXNativeTarget section */
		D8D4EE421A787A2800E3E7B5 /* javaToapk */ = {
			isa = PBXNativeTarget;
			buildConfigurationList = D8D4EE631A787A2900E3E7B5 /* Build configuration list for PBXNativeTarget "javaToapk" */;
			buildPhases = (
				D8D4EE3F1A787A2800E3E7B5 /* Sources */,
				D8D4EE401A787A2800E3E7B5 /* Frameworks */,
				D8D4EE411A787A2800E3E7B5 /* Resources */,
			);
			buildRules = (
			);
			dependencies = (
			);
			name = javaToapk;
			productName = javaToapk;
			productReference = D8D4EE431A787A2800E3E7B5 /* javaToapk.app */;
			productType = "com.apple.product-type.application";
		};
		D8D4EE581A787A2800E3E7B5 /* javaToapkTests */ = {
			isa = PBXNativeTarget;
			buildConfigurationList = D8D4EE661A787A2900E3E7B5 /* Build configuration list for PBXNativeTarget "javaToapkTests" */;
			buildPhases = (
				D8D4EE551A787A2800E3E7B5 /* Sources */,
				D8D4EE561A787A2800E3E7B5 /* Frameworks */,
				D8D4EE571A787A2800E3E7B5 /* Resources */,
			);
			buildRules = (
			);
			dependencies = (
				D8D4EE5B1A787A2800E3E7B5 /* PBXTargetDependency */,
			);
			name = javaToapkTests;
			productName = javaToapkTests;
			productReference = D8D4EE591A787A2800E3E7B5 /* javaToapkTests.xctest */;
			productType = "com.apple.product-type.bundle.unit-test";
		};
/* End PBXNativeTarget section */

/* Begin PBXProject section */
		D8D4EE3B1A787A2800E3E7B5 /* Project object */ = {
			isa = PBXProject;
			attributes = {
				LastUpgradeCheck = 0610;
				ORGANIZATIONNAME = cpuser;
				TargetAttributes = {
					D8D4EE421A787A2800E3E7B5 = {
						CreatedOnToolsVersion = 6.1.1;
					};
					D8D4EE581A787A2800E3E7B5 = {
						CreatedOnToolsVersion = 6.1.1;
						TestTargetID = D8D4EE421A787A2800E3E7B5;
					};
				};
			};
			buildConfigurationList = D8D4EE3E1A787A2800E3E7B5 /* Build configuration list for PBXProject "javaToapk" */;
			compatibilityVersion = "Xcode 3.2";
			developmentRegion = English;
			hasScannedForEncodings = 0;
			knownRegions = (
				en,
				Base,
			);
			mainGroup = D8D4EE3A1A787A2800E3E7B5;
			productRefGroup = D8D4EE441A787A2800E3E7B5 /* Products */;
			projectDirPath = "";
			projectRoot = "";
			targets = (
				D8D4EE421A787A2800E3E7B5 /* javaToapk */,
				D8D4EE581A787A2800E3E7B5 /* javaToapkTests */,
			);
		};
/* End PBXProject section */

/* Begin PBXResourcesBuildPhase section */
		D8D4EE411A787A2800E3E7B5 /* Resources */ = {
			isa = PBXResourcesBuildPhase;
			buildActionMask = 2147483647;
			files = (
				D8D4EE511A787A2800E3E7B5 /* Images.xcassets in Resources */,
				D8D4EE541A787A2800E3E7B5 /* Main.storyboard in Resources */,
			);
			runOnlyForDeploymentPostprocessing = 0;
		};
		D8D4EE571A787A2800E3E7B5 /* Resources */ = {
			isa = PBXResourcesBuildPhase;
			buildActionMask = 2147483647;
			files = (
			);
			runOnlyForDeploymentPostprocessing = 0;
		};
/* End PBXResourcesBuildPhase section */

/* Begin PBXSourcesBuildPhase section */
		D8D4EE3F1A787A2800E3E7B5 /* Sources */ = {
			isa = PBXSourcesBuildPhase;
			buildActionMask = 2147483647;
			files = (
				D89060501A80720200B810BF /* ViewController_Lib.m in Sources */,
				D8D4EE4F1A787A2800E3E7B5 /* ViewController.m in Sources */,
				D8D4EE4C1A787A2800E3E7B5 /* main.m in Sources */,
				D8D4EE4A1A787A2800E3E7B5 /* AppDelegate.m in Sources */,
				D8C713991A81D91000D5FF55 /* ViewController_uploadApk.m in Sources */,
			);
			runOnlyForDeploymentPostprocessing = 0;
		};
		D8D4EE551A787A2800E3E7B5 /* Sources */ = {
			isa = PBXSourcesBuildPhase;
			buildActionMask = 2147483647;
			files = (
				D8D4EE601A787A2900E3E7B5 /* javaToapkTests.m in Sources */,
			);
			runOnlyForDeploymentPostprocessing = 0;
		};
/* End PBXSourcesBuildPhase section */

/* Begin PBXTargetDependency section */
		D8D4EE5B1A787A2800E3E7B5 /* PBXTargetDependency */ = {
			isa = PBXTargetDependency;
			target = D8D4EE421A787A2800E3E7B5 /* javaToapk */;
			targetProxy = D8D4EE5A1A787A2800E3E7B5 /* PBXContainerItemProxy */;
		};
/* End PBXTargetDependency section */

/* Begin PBXVariantGroup section */
		D8D4EE521A787A2800E3E7B5 /* Main.storyboard */ = {
			isa = PBXVariantGroup;
			children = (
				D8D4EE531A787A2800E3E7B5 /* Base */,
			);
			name = Main.storyboard;
			sourceTree = "<group>";
		};
/* End PBXVariantGroup section */

/* Begin XCBuildConfiguration section */
		D8D4EE611A787A2900E3E7B5 /* Debug */ = {
			isa = XCBuildConfiguration;
			buildSettings = {
				ALWAYS_SEARCH_USER_PATHS = NO;
				CLANG_CXX_LANGUAGE_STANDARD = "gnu++0x";
				CLANG_CXX_LIBRARY = "libc++";
				CLANG_ENABLE_MODULES = YES;
				CLANG_ENABLE_OBJC_ARC = YES;
				CLANG_WARN_BOOL_CONVERSION = YES;
				CLANG_WARN_CONSTANT_CONVERSION = YES;
				CLANG_WARN_DIRECT_OBJC_ISA_USAGE = YES_ERROR;
				CLANG_WARN_EMPTY_BODY = YES;
				CLANG_WARN_ENUM_CONVERSION = YES;
				CLANG_WARN_INT_CONVERSION = YES;
				CLANG_WARN_OBJC_ROOT_CLASS = YES_ERROR;
				CLANG_WARN_UNREACHABLE_CODE = YES;
				CLANG_WARN__DUPLICATE_METHOD_MATCH = YES;
				CODE_SIGN_IDENTITY = "-";
				COPY_PHASE_STRIP = NO;
				ENABLE_STRICT_OBJC_MSGSEND = YES;
				GCC_C_LANGUAGE_STANDARD = gnu99;
				GCC_DYNAMIC_NO_PIC = NO;
				GCC_OPTIMIZATION_LEVEL = 0;
				GCC_PREPROCESSOR_DEFINITIONS = (
					"DEBUG=1",
					"$(inherited)",
				);
				GCC_SYMBOLS_PRIVATE_EXTERN = NO;
				GCC_WARN_64_TO_32_BIT_CONVERSION = YES;
				GCC_WARN_ABOUT_RETURN_TYPE = YES_ERROR;
				GCC_WARN_UNDECLARED_SELECTOR = YES;
				GCC_WARN_UNINITIALIZED_AUTOS = YES_AGGRESSIVE;
				GCC_WARN_UNUSED_FUNCTION = YES;
				GCC_WARN_UNUSED_VARIABLE = YES;
				MACOSX_DEPLOYMENT_TARGET = 10.10;
				MTL_ENABLE_DEBUG_INFO = YES;
				ONLY_ACTIVE_ARCH = YES;
				SDKROOT = macosx;
			};
			name = Debug;
		};
		D8D4EE621A787A2900E3E7B5 /* Release */ = {
			isa = XCBuildConfiguration;
			buildSettings = {
				ALWAYS_SEARCH_USER_PATHS = NO;
				CLANG_CXX_LANGUAGE_STANDARD = "gnu++0x";
				CLANG_CXX_LIBRARY = "libc++";
				CLANG_ENABLE_MODULES = YES;
				CLANG_ENABLE_OBJC_ARC = YES;
				CLANG_WARN_BOOL_CONVERSION = YES;
				CLANG_WARN_CONSTANT_CONVERSION = YES;
				CLANG_WARN_DIRECT_OBJC_ISA_USAGE = YES_ERROR;
				CLANG_WARN_EMPTY_BODY = YES;
				CLANG_WARN_ENUM_CONVERSION = YES;
				CLANG_WARN_INT_CONVERSION = YES;
				CLANG_WARN_OBJC_ROOT_CLASS = YES_ERROR;
				CLANG_WARN_UNREACHABLE_CODE = YES;
				CLANG_WARN__DUPLICATE_METHOD_MATCH = YES;
				CODE_SIGN_IDENTITY = "-";
				COPY_PHASE_STRIP = YES;
				DEBUG_INFORMATION_FORMAT = "dwarf-with-dsym";
				ENABLE_NS_ASSERTIONS = NO;
				ENABLE_STRICT_OBJC_MSGSEND = YES;
				GCC_C_LANGUAGE_STANDARD = gnu99;
				GCC_WARN_64_TO_32_BIT_CONVERSION = YES;
				GCC_WARN_ABOUT_RETURN_TYPE = YES_ERROR;
				GCC_WARN_UNDECLARED_SELECTOR = YES;
				GCC_WARN_UNINITIALIZED_AUTOS = YES_AGGRESSIVE;
				GCC_WARN_UNUSED_FUNCTION = YES;
				GCC_WARN_UNUSED_VARIABLE = YES;
				MACOSX_DEPLOYMENT_TARGET = 10.10;
				MTL_ENABLE_DEBUG_INFO = NO;
				SDKROOT = macosx;
			};
			name = Release;
		};
		D8D4EE641A787A2900E3E7B5 /* Debug */ = {
			isa = XCBuildConfiguration;
			buildSettings = {
				ASSETCATALOG_COMPILER_APPICON_NAME = AppIcon;
				COMBINE_HIDPI_IMAGES = YES;
				INFOPLIST_FILE = javaToapk/Info.plist;
				LD_RUNPATH_SEARCH_PATHS = "$(inherited) @executable_path/../Frameworks";
				LIBRARY_SEARCH_PATHS = (
					"$(inherited)",
					"/Users/cpuser/Desktop/chilkat-9.5.0-macosx-objc/lib",
					"$(PROJECT_DIR)/lib",
					/Users/cpuser/Desktop/lib,
					"$(PROJECT_DIR)",
				);
				PRODUCT_NAME = "$(TARGET_NAME)";
			};
			name = Debug;
		};
		D8D4EE651A787A2900E3E7B5 /* Release */ = {
			isa = XCBuildConfiguration;
			buildSettings = {
				ASSETCATALOG_COMPILER_APPICON_NAME = AppIcon;
				COMBINE_HIDPI_IMAGES = YES;
				INFOPLIST_FILE = javaToapk/Info.plist;
				LD_RUNPATH_SEARCH_PATHS = "$(inherited) @executable_path/../Frameworks";
				LIBRARY_SEARCH_PATHS = (
					"$(inherited)",
					"/Users/cpuser/Desktop/chilkat-9.5.0-macosx-objc/lib",
					"$(PROJECT_DIR)/lib",
					/Users/cpuser/Desktop/lib,
					"$(PROJECT_DIR)",
				);
				PRODUCT_NAME = "$(TARGET_NAME)";
			};
			name = Release;
		};
		D8D4EE671A787A2900E3E7B5 /* Debug */ = {
			isa = XCBuildConfiguration;
			buildSettings = {
				BUNDLE_LOADER = "$(TEST_HOST)";
				COMBINE_HIDPI_IMAGES = YES;
				FRAMEWORK_SEARCH_PATHS = (
					"$(DEVELOPER_FRAMEWORKS_DIR)",
					"$(inherited)",
				);
				GCC_PREPROCESSOR_DEFINITIONS = (
					"DEBUG=1",
					"$(inherited)",
				);
				INFOPLIST_FILE = javaToapkTests/Info.plist;
				LD_RUNPATH_SEARCH_PATHS = "$(inherited) @executable_path/../Frameworks @loader_path/../Frameworks";
				PRODUCT_NAME = "$(TARGET_NAME)";
				TEST_HOST = "$(BUILT_PRODUCTS_DIR)/javaToapk.app/Contents/MacOS/javaToapk";
			};
			name = Debug;
		};
		D8D4EE681A787A2900E3E7B5 /* Release */ = {
			isa = XCBuildConfiguration;
			buildSettings = {
				BUNDLE_LOADER = "$(TEST_HOST)";
				COMBINE_HIDPI_IMAGES = YES;
				FRAMEWORK_SEARCH_PATHS = (
					"$(DEVELOPER_FRAMEWORKS_DIR)",
					"$(inherited)",
				);
				INFOPLIST_FILE = javaToapkTests/Info.plist;
				LD_RUNPATH_SEARCH_PATHS = "$(inherited) @executable_path/../Frameworks @loader_path/../Frameworks";
				PRODUCT_NAME = "$(TARGET_NAME)";
				TEST_HOST = "$(BUILT_PRODUCTS_DIR)/javaToapk.app/Contents/MacOS/javaToapk";
			};
			name = Release;
		};
/* End XCBuildConfiguration section */

/* Begin XCConfigurationList section */
		D8D4EE3E1A787A2800E3E7B5 /* Build configuration list for PBXProject "javaToapk" */ = {
			isa = XCConfigurationList;
			buildConfigurations = (
				D8D4EE611A787A2900E3E7B5 /* Debug */,
				D8D4EE621A787A2900E3E7B5 /* Release */,
			);
			defaultConfigurationIsVisible = 0;
			defaultConfigurationName = Release;
		};
		D8D4EE631A787A2900E3E7B5 /* Build configuration list for PBXNativeTarget "javaToapk" */ = {
			isa = XCConfigurationList;
			buildConfigurations = (
				D8D4EE641A787A2900E3E7B5 /* Debug */,
				D8D4EE651A787A2900E3E7B5 /* Release */,
			);
			defaultConfigurationIsVisible = 0;
			defaultConfigurationName = Release;
		};
		D8D4EE661A787A2900E3E7B5 /* Build configuration list for PBXNativeTarget "javaToapkTests" */ = {
			isa = XCConfigurationList;
			buildConfigurations = (
				D8D4EE671A787A2900E3E7B5 /* Debug */,
				D8D4EE681A787A2900E3E7B5 /* Release */,
			);
			defaultConfigurationIsVisible = 0;
			defaultConfigurationName = Release;
		};
/* End XCConfigurationList section */
	};
	rootObject = D8D4EE3B1A787A2800E3E7B5 /* Project object */;
}
